
Microsoft Visual Studio Solution File, Format Version 12.00
# Visual Studio Version 17
VisualStudioVersion = 17.14.36603.0 d17.14
MinimumVisualStudioVersion = 10.0.40219.1
Project("{FAE04EC0-301F-11D3-BF4B-00C04F79EFBC}") = "capaDatos", "capaDatos\capaDatos.csproj", "{BC41D4E0-AB4E-48A4-8D8D-5E5BF43A00AA}"
EndProject
Project("{FAE04EC0-301F-11D3-BF4B-00C04F79EFBC}") = "capaEntidad", "capaEntidad\capaEntidad.csproj", "{FEC29992-58BB-4A6E-A80D-1E3FAC63FC62}"
EndProject
Project("{FAE04EC0-301F-11D3-BF4B-00C04F79EFBC}") = "capaNegocio", "capaNegocio\capaNegocio.csproj", "{A58821DF-CCA1-4602-BD3C-B2A6B14A315F}"
EndProject
Project("{FAE04EC0-301F-11D3-BF4B-00C04F79EFBC}") = "capaPresentacion", "capaPresentacion\capaPresentacion.csproj", "{DFC92296-9DD4-4776-90F5-64FE0DC9C1F3}"
EndProject
Global
	GlobalSection(SolutionConfigurationPlatforms) = preSolution
		Debug|Any CPU = Debug|Any CPU
		Release|Any CPU = Release|Any CPU
	EndGlobalSection
	GlobalSection(ProjectConfigurationPlatforms) = postSolution
		{BC41D4E0-AB4E-48A4-8D8D-5E5BF43A00AA}.Debug|Any CPU.ActiveCfg = Debug|Any CPU
		{BC41D4E0-AB4E-48A4-8D8D-5E5BF43A00AA}.Debug|Any CPU.Build.0 = Debug|Any CPU
		{BC41D4E0-AB4E-48A4-8D8D-5E5BF43A00AA}.Release|Any CPU.ActiveCfg = Release|Any CPU
		{BC41D4E0-AB4E-48A4-8D8D-5E5BF43A00AA}.Release|Any CPU.Build.0 = Release|Any CPU
		{FEC29992-58BB-4A6E-A80D-1E3FAC63FC62}.Debug|Any CPU.ActiveCfg = Debug|Any CPU
		{FEC29992-58BB-4A6E-A80D-1E3FAC63FC62}.Debug|Any CPU.Build.0 = Debug|Any CPU
		{FEC29992-58BB-4A6E-A80D-1E3FAC63FC62}.Release|Any CPU.ActiveCfg = Release|Any CPU
		{FEC29992-58BB-4A6E-A80D-1E3FAC63FC62}.Release|Any CPU.Build.0 = Release|Any CPU
		{A58821DF-CCA1-4602-BD3C-B2A6B14A315F}.Debug|Any CPU.ActiveCfg = Debug|Any CPU
		{A58821DF-CCA1-4602-BD3C-B2A6B14A315F}.Debug|Any CPU.Build.0 = Debug|Any CPU
		{A58821DF-CCA1-4602-BD3C-B2A6B14A315F}.Release|Any CPU.ActiveCfg = Release|Any CPU
		{A58821DF-CCA1-4602-BD3C-B2A6B14A315F}.Release|Any CPU.Build.0 = Release|Any CPU
		{DFC92296-9DD4-4776-90F5-64FE0DC9C1F3}.Debug|Any CPU.ActiveCfg = Debug|Any CPU
		{DFC92296-9DD4-4776-90F5-64FE0DC9C1F3}.Debug|Any CPU.Build.0 = Debug|Any CPU
		{DFC92296-9DD4-4776-90F5-64FE0DC9C1F3}.Release|Any CPU.ActiveCfg = Release|Any CPU
		{DFC92296-9DD4-4776-90F5-64FE0DC9C1F3}.Release|Any CPU.Build.0 = Release|Any CPU
	EndGlobalSection
	GlobalSection(SolutionProperties) = preSolution
		HideSolutionNode = FALSE
	EndGlobalSection
	GlobalSection(ExtensibilityGlobals) = postSolution
		SolutionGuid = {CA774570-9514-423D-812F-E0148F6953B8}
	EndGlobalSection
EndGlobal
